
Microsoft Visual Studio Solution File, Format Version 12.00
# Visual Studio Version 17
VisualStudioVersion = 17.3.32901.215
MinimumVisualStudioVersion = 10.0.40219.1
Project("{8BC9CEB8-8B4A-11D0-8D11-00A0C91BC942}") = "10_module", "10_module\10_module.vcxproj", "{0EA50009-CFB7-4F41-BD4F-BB46D65E2779}"
EndProject
Global
	GlobalSection(SolutionConfigurationPlatforms) = preSolution
		Debug|x64 = Debug|x64
		Debug|x86 = Debug|x86
		Release|x64 = Release|x64
		Release|x86 = Release|x86
	EndGlobalSection
	GlobalSection(ProjectConfigurationPlatforms) = postSolution
		{0EA50009-CFB7-4F41-BD4F-BB46D65E2779}.Debug|x64.ActiveCfg = Debug|x64
		{0EA50009-CFB7-4F41-BD4F-BB46D65E2779}.Debug|x64.Build.0 = Debug|x64
		{0EA50009-CFB7-4F41-BD4F-BB46D65E2779}.Debug|x86.ActiveCfg = Debug|Win32
		{0EA50009-CFB7-4F41-BD4F-BB46D65E2779}.Debug|x86.Build.0 = Debug|Win32
		{0EA50009-CFB7-4F41-BD4F-BB46D65E2779}.Release|x64.ActiveCfg = Release|x64
		{0EA50009-CFB7-4F41-BD4F-BB46D65E2779}.Release|x64.Build.0 = Release|x64
		{0EA50009-CFB7-4F41-BD4F-BB46D65E2779}.Release|x86.ActiveCfg = Release|Win32
		{0EA50009-CFB7-4F41-BD4F-BB46D65E2779}.Release|x86.Build.0 = Release|Win32
	EndGlobalSection
	GlobalSection(SolutionProperties) = preSolution
		HideSolutionNode = FALSE
	EndGlobalSection
	GlobalSection(ExtensibilityGlobals) = postSolution
		SolutionGuid = {69FBDAD2-75D7-4A63-B3AC-D0053470AC6D}
	EndGlobalSection
EndGlobal
